
Microsoft Visual Studio Solution File, Format Version 12.00
# Visual Studio Version 17
VisualStudioVersion = 17.8.34511.84
MinimumVisualStudioVersion = 10.0.40219.1
Project("{FAE04EC0-301F-11D3-BF4B-00C04F79EFBC}") = "STATE_SELECTOR", "STATE_SELECTOR\STATE_SELECTOR.csproj", "{C1233B6D-A8F5-4B31-9B13-B5AF871EC092}"
EndProject
Global
	GlobalSection(SolutionConfigurationPlatforms) = preSolution
		Debug|Any CPU = Debug|Any CPU
		Release|Any CPU = Release|Any CPU
	EndGlobalSection
	GlobalSection(ProjectConfigurationPlatforms) = postSolution
		{C1233B6D-A8F5-4B31-9B13-B5AF871EC092}.Debug|Any CPU.ActiveCfg = Debug|Any CPU
		{C1233B6D-A8F5-4B31-9B13-B5AF871EC092}.Debug|Any CPU.Build.0 = Debug|Any CPU
		{C1233B6D-A8F5-4B31-9B13-B5AF871EC092}.Release|Any CPU.ActiveCfg = Release|Any CPU
		{C1233B6D-A8F5-4B31-9B13-B5AF871EC092}.Release|Any CPU.Build.0 = Release|Any CPU
	EndGlobalSection
	GlobalSection(SolutionProperties) = preSolution
		HideSolutionNode = FALSE
	EndGlobalSection
	GlobalSection(ExtensibilityGlobals) = postSolution
		SolutionGuid = {B22DEC1B-82DA-4CB6-A54B-769AD164B7CD}
	EndGlobalSection
EndGlobal
